PODS:
  - Alamofire (4.6.0)
  - IGListKit (3.0.0):
    - IGListKit/Default (= 3.0.0)
  - IGListKit/Default (3.0.0):
    - IGListKit/Diffing
  - IGListKit/Diffing (3.0.0)
  - lottie-ios (2.1.5)
  - NSObject+Rx (4.2.0):
    - RxSwift (~> 4.0)
  - RxAlamofire (4.0.0):
    - RxAlamofire/Core (= 4.0.0)
  - RxAlamofire/Core (4.0.0):
    - Alamofire (~> 4.5)
    - RxSwift (~> 4.0)
  - RxCocoa (4.1.1):
    - RxSwift (~> 4.0)
  - RxOptional (3.3.0):
    - RxCocoa (~> 4.0)
    - RxSwift (~> 4.0)
  - RxSwift (4.1.1)
  - RxSwiftExt/Core (3.1.0):
    - RxSwift (~> 4.0)
  - RxSwiftExt/RxCocoa (3.1.0):
    - RxCocoa (~> 4.0)
    - RxSwiftExt/Core
  - Texture/Core (2.6)
  - Texture/IGListKit (2.6):
    - IGListKit (= 3.0.0)
    - Texture/Core

DEPENDENCIES:
  - lottie-ios
  - NSObject+Rx
  - RxAlamofire
  - RxOptional
  - RxSwift
  - RxSwiftExt/RxCocoa
  - Texture/IGListKit

SPEC CHECKSUMS:
  Alamofire: f41a599bd63041760b26d393ec1069d9d7b917f4
  IGListKit: 9eab6856a15fa25ad72018ff9d9eb2178c240fff
  lottie-ios: 836cdbba92f62f3c6a00e37a4ce485321fe317cf
  NSObject+Rx: cbbc05e3cb3ad446cdbced3e00e39c9efaf02925
  RxAlamofire: 6ea579ac53bf14cb4bc7049a3866e5a769989b1d
  RxCocoa: fd0862fd2df95fa55562ad28ffd2522c25eb4a85
  RxOptional: e5448d3e21024489e07c31f6a262f2b50c975367
  RxSwift: c6e3b1c7b325c7d121cd4327e9d98b7ed746b570
  RxSwiftExt: a9b9c8e94be009146707f9fcb16eaf3cc1f3910c
  Texture: 7249074582daf75e524e59df5428b66b8e8db0e4

PODFILE CHECKSUM: 6e6343552a78481413b364c4fbf0a677570122f8

COCOAPODS: 1.4.0
